
Microsoft Visual Studio Solution File, Format Version 12.00
# Visual Studio Version 17
VisualStudioVersion = 17.11.35327.3
MinimumVisualStudioVersion = 10.0.40219.1
Project("{9A19103F-16F7-4668-BE54-9A1E7A4F7556}") = "AutoMapperBuilder", "AutoMapperBuilder\AutoMapperBuilder.csproj", "{F1D3C1DD-40D9-4953-90ED-FCFB34BC44C4}"
EndProject
Global
	GlobalSection(SolutionConfigurationPlatforms) = preSolution
		Debug|Any CPU = Debug|Any CPU
		Release|Any CPU = Release|Any CPU
	EndGlobalSection
	GlobalSection(ProjectConfigurationPlatforms) = postSolution
		{F1D3C1DD-40D9-4953-90ED-FCFB34BC44C4}.Debug|Any CPU.ActiveCfg = Debug|Any CPU
		{F1D3C1DD-40D9-4953-90ED-FCFB34BC44C4}.Debug|Any CPU.Build.0 = Debug|Any CPU
		{F1D3C1DD-40D9-4953-90ED-FCFB34BC44C4}.Release|Any CPU.ActiveCfg = Release|Any CPU
		{F1D3C1DD-40D9-4953-90ED-FCFB34BC44C4}.Release|Any CPU.Build.0 = Release|Any CPU
	EndGlobalSection
	GlobalSection(SolutionProperties) = preSolution
		HideSolutionNode = FALSE
	EndGlobalSection
	GlobalSection(ExtensibilityGlobals) = postSolution
		SolutionGuid = {8D351242-3098-4207-BD00-4DBFABE4BF50}
	EndGlobalSection
EndGlobal
